
Microsoft Visual Studio Solution File, Format Version 12.00
# Visual Studio Version 16
VisualStudioVersion = 16.0.32002.261
MinimumVisualStudioVersion = 10.0.40219.1
Project("{FAE04EC0-301F-11D3-BF4B-00C04F79EFBC}") = "c-sharp-odev-ArrayList", "c-sharp-odev-ArrayList.csproj", "{673137DC-BE0A-4F48-BC2F-45A01E8797C9}"
EndProject
Global
	GlobalSection(SolutionConfigurationPlatforms) = preSolution
		Debug|Any CPU = Debug|Any CPU
		Release|Any CPU = Release|Any CPU
	EndGlobalSection
	GlobalSection(ProjectConfigurationPlatforms) = postSolution
		{673137DC-BE0A-4F48-BC2F-45A01E8797C9}.Debug|Any CPU.ActiveCfg = Debug|Any CPU
		{673137DC-BE0A-4F48-BC2F-45A01E8797C9}.Debug|Any CPU.Build.0 = Debug|Any CPU
		{673137DC-BE0A-4F48-BC2F-45A01E8797C9}.Release|Any CPU.ActiveCfg = Release|Any CPU
		{673137DC-BE0A-4F48-BC2F-45A01E8797C9}.Release|Any CPU.Build.0 = Release|Any CPU
	EndGlobalSection
	GlobalSection(SolutionProperties) = preSolution
		HideSolutionNode = FALSE
	EndGlobalSection
	GlobalSection(ExtensibilityGlobals) = postSolution
		SolutionGuid = {80FADFC4-2719-4557-A347-BDF00DBD84ED}
	EndGlobalSection
EndGlobal
